
Microsoft Visual Studio Solution File, Format Version 12.00
# Visual Studio Version 18
VisualStudioVersion = 18.3.11206.111 d18.3
MinimumVisualStudioVersion = 10.0.40219.1
Project("{FAE04EC0-301F-11D3-BF4B-00C04F79EFBC}") = "CUtilsNET10", "CUtilsNET10.csproj", "{5E8295E1-16B3-BCBF-C102-5D6C2253F356}"
EndProject
Global
	GlobalSection(SolutionConfigurationPlatforms) = preSolution
		Debug|Any CPU = Debug|Any CPU
		Release|Any CPU = Release|Any CPU
	EndGlobalSection
	GlobalSection(ProjectConfigurationPlatforms) = postSolution
		{5E8295E1-16B3-BCBF-C102-5D6C2253F356}.Debug|Any CPU.ActiveCfg = Debug|Any CPU
		{5E8295E1-16B3-BCBF-C102-5D6C2253F356}.Debug|Any CPU.Build.0 = Debug|Any CPU
		{5E8295E1-16B3-BCBF-C102-5D6C2253F356}.Release|Any CPU.ActiveCfg = Release|Any CPU
		{5E8295E1-16B3-BCBF-C102-5D6C2253F356}.Release|Any CPU.Build.0 = Release|Any CPU
	EndGlobalSection
	GlobalSection(SolutionProperties) = preSolution
		HideSolutionNode = FALSE
	EndGlobalSection
	GlobalSection(ExtensibilityGlobals) = postSolution
		SolutionGuid = {3E57BA8A-5060-402B-8286-0AA0B8611238}
	EndGlobalSection
EndGlobal
